
Microsoft Visual Studio Solution File, Format Version 12.00
# Visual Studio Version 17
VisualStudioVersion = 17.5.33627.172
MinimumVisualStudioVersion = 10.0.40219.1
Project("{9A19103F-16F7-4668-BE54-9A1E7A4F7556}") = "bConnectorTest.App", "bConnectorTest.App\bConnectorTest.App.csproj", "{2CB98A78-9EA5-4949-B71A-03A46BAACDFC}"
EndProject
Global
	GlobalSection(SolutionConfigurationPlatforms) = preSolution
		Debug|Any CPU = Debug|Any CPU
		Release|Any CPU = Release|Any CPU
	EndGlobalSection
	GlobalSection(ProjectConfigurationPlatforms) = postSolution
		{2CB98A78-9EA5-4949-B71A-03A46BAACDFC}.Debug|Any CPU.ActiveCfg = Debug|Any CPU
		{2CB98A78-9EA5-4949-B71A-03A46BAACDFC}.Debug|Any CPU.Build.0 = Debug|Any CPU
		{2CB98A78-9EA5-4949-B71A-03A46BAACDFC}.Release|Any CPU.ActiveCfg = Release|Any CPU
		{2CB98A78-9EA5-4949-B71A-03A46BAACDFC}.Release|Any CPU.Build.0 = Release|Any CPU
	EndGlobalSection
	GlobalSection(SolutionProperties) = preSolution
		HideSolutionNode = FALSE
	EndGlobalSection
	GlobalSection(ExtensibilityGlobals) = postSolution
		SolutionGuid = {A250A818-A656-4A04-AA42-D7830E7594E8}
	EndGlobalSection
EndGlobal
